
Microsoft Visual Studio Solution File, Format Version 12.00
# Visual Studio Version 17
VisualStudioVersion = 17.12.35527.113
MinimumVisualStudioVersion = 10.0.40219.1
Project("{FAE04EC0-301F-11D3-BF4B-00C04F79EFBC}") = "BibSplitter", "BibSplitter\BibSplitter.csproj", "{E924E5E9-60AC-495A-A5BE-0F3CB360014D}"
EndProject
Project("{FAE04EC0-301F-11D3-BF4B-00C04F79EFBC}") = "BibLib", "BibLib\BibLib.csproj", "{0F300164-88CF-459B-992F-BC1727BCC226}"
EndProject
Project("{FAE04EC0-301F-11D3-BF4B-00C04F79EFBC}") = "BibAnalyzer", "BibAnalyzer\BibAnalyzer.csproj", "{2191C9C9-EA67-427C-BC64-1256FFD73BA1}"
EndProject
Project("{FAE04EC0-301F-11D3-BF4B-00C04F79EFBC}") = "BibSettings", "BibSettings\BibSettings.csproj", "{6A3D24F3-4DC7-4310-9AC4-C9734E04CD63}"
EndProject
Project("{F184B08F-C81C-45F6-A57F-5ABD9991F28F}") = "TestLib", "TestLib\TestLib.vbproj", "{6249A838-1359-4EB3-9196-15DAD7E82A62}"
EndProject
Global
	GlobalSection(SolutionConfigurationPlatforms) = preSolution
		Debug|Any CPU = Debug|Any CPU
		Release|Any CPU = Release|Any CPU
	EndGlobalSection
	GlobalSection(ProjectConfigurationPlatforms) = postSolution
		{E924E5E9-60AC-495A-A5BE-0F3CB360014D}.Debug|Any CPU.ActiveCfg = Debug|Any CPU
		{E924E5E9-60AC-495A-A5BE-0F3CB360014D}.Debug|Any CPU.Build.0 = Debug|Any CPU
		{E924E5E9-60AC-495A-A5BE-0F3CB360014D}.Release|Any CPU.ActiveCfg = Release|Any CPU
		{E924E5E9-60AC-495A-A5BE-0F3CB360014D}.Release|Any CPU.Build.0 = Release|Any CPU
		{0F300164-88CF-459B-992F-BC1727BCC226}.Debug|Any CPU.ActiveCfg = Debug|Any CPU
		{0F300164-88CF-459B-992F-BC1727BCC226}.Debug|Any CPU.Build.0 = Debug|Any CPU
		{0F300164-88CF-459B-992F-BC1727BCC226}.Release|Any CPU.ActiveCfg = Release|Any CPU
		{0F300164-88CF-459B-992F-BC1727BCC226}.Release|Any CPU.Build.0 = Release|Any CPU
		{2191C9C9-EA67-427C-BC64-1256FFD73BA1}.Debug|Any CPU.ActiveCfg = Debug|Any CPU
		{2191C9C9-EA67-427C-BC64-1256FFD73BA1}.Debug|Any CPU.Build.0 = Debug|Any CPU
		{2191C9C9-EA67-427C-BC64-1256FFD73BA1}.Release|Any CPU.ActiveCfg = Release|Any CPU
		{2191C9C9-EA67-427C-BC64-1256FFD73BA1}.Release|Any CPU.Build.0 = Release|Any CPU
		{6A3D24F3-4DC7-4310-9AC4-C9734E04CD63}.Debug|Any CPU.ActiveCfg = Debug|Any CPU
		{6A3D24F3-4DC7-4310-9AC4-C9734E04CD63}.Debug|Any CPU.Build.0 = Debug|Any CPU
		{6A3D24F3-4DC7-4310-9AC4-C9734E04CD63}.Release|Any CPU.ActiveCfg = Release|Any CPU
		{6A3D24F3-4DC7-4310-9AC4-C9734E04CD63}.Release|Any CPU.Build.0 = Release|Any CPU
		{6249A838-1359-4EB3-9196-15DAD7E82A62}.Debug|Any CPU.ActiveCfg = Debug|Any CPU
		{6249A838-1359-4EB3-9196-15DAD7E82A62}.Debug|Any CPU.Build.0 = Debug|Any CPU
		{6249A838-1359-4EB3-9196-15DAD7E82A62}.Release|Any CPU.ActiveCfg = Release|Any CPU
		{6249A838-1359-4EB3-9196-15DAD7E82A62}.Release|Any CPU.Build.0 = Release|Any CPU
	EndGlobalSection
	GlobalSection(SolutionProperties) = preSolution
		HideSolutionNode = FALSE
	EndGlobalSection
EndGlobal
